
Microsoft Visual Studio Solution File, Format Version 12.00
# Visual Studio Version 16
VisualStudioVersion = 16.0.31321.278
MinimumVisualStudioVersion = 10.0.40219.1
Project("{FAE04EC0-301F-11D3-BF4B-00C04F79EFBC}") = "HelloGitHub_Csh", "HelloGitHub_Csh\HelloGitHub_Csh.csproj", "{0EF34E8C-030D-4A6C-988B-EE6B56DC31B3}"
EndProject
Global
	GlobalSection(SolutionConfigurationPlatforms) = preSolution
		Debug|Any CPU = Debug|Any CPU
		Release|Any CPU = Release|Any CPU
	EndGlobalSection
	GlobalSection(ProjectConfigurationPlatforms) = postSolution
		{0EF34E8C-030D-4A6C-988B-EE6B56DC31B3}.Debug|Any CPU.ActiveCfg = Debug|Any CPU
		{0EF34E8C-030D-4A6C-988B-EE6B56DC31B3}.Debug|Any CPU.Build.0 = Debug|Any CPU
		{0EF34E8C-030D-4A6C-988B-EE6B56DC31B3}.Release|Any CPU.ActiveCfg = Release|Any CPU
		{0EF34E8C-030D-4A6C-988B-EE6B56DC31B3}.Release|Any CPU.Build.0 = Release|Any CPU
	EndGlobalSection
	GlobalSection(SolutionProperties) = preSolution
		HideSolutionNode = FALSE
	EndGlobalSection
	GlobalSection(ExtensibilityGlobals) = postSolution
		SolutionGuid = {46506850-6F86-4831-B41D-BB32D5091472}
	EndGlobalSection
EndGlobal
